<?xml version="1.0" encoding="utf-8"?>
<Project ToolsVersion="4.0" xmlns="http://schemas.microsoft.com/developer/msbuild/2003">
  <ItemGroup>
    <Filter Include="ヘッダー ファイル">
      <UniqueIdentifier>{93995380-89BD-4b04-88EB-625FBE52EBFB}</UniqueIdentifier>
      <Extensions>h;hpp;hxx;hm;inl;inc;xsd</Extensions>
    </Filter>
    <Filter Include="リソース ファイル">
      <UniqueIdentifier>{67DA6AB6-F800-4c08-8B7A-83BB121AAD01}</UniqueIdentifier>
      <Extensions>rc;ico;cur;bmp;dlg;rc2;rct;bin;rgs;gif;jpg;jpeg;jpe;resx;tiff;tif;png;wav;mfcribbon-ms</Extensions>
    </Filter>
    <Filter Include="ソース ファイル">
      <UniqueIdentifier>{4FC737F1-C7A5-4376-A066-2A32D752A2FF}</UniqueIdentifier>
      <Extensions>cpp;c;cc;cxx;def;odl;idl;hpj;bat;asm;asmx</Extensions>
    </Filter>
  </ItemGroup>
  <ItemGroup>
    <None Include="elipsoid_em.def">
      <Filter>ソース ファイル</Filter>
    </None>
    <None Include="ClassDiagram.cd" />
    <None Include="ClassDiagram1.cd" />
  </ItemGroup>
  <ItemGroup>
    <ClCompile Include="elipsoid_em_1.cpp">
      <Filter>ソース ファイル</Filter>
    </ClCompile>
    <ClCompile Include="elipsoid_em_2.cpp">
      <Filter>ソース ファイル</Filter>
    </ClCompile>
    <ClCompile Include="elipsoid_em_3.cpp">
      <Filter>ソース ファイル</Filter>
    </ClCompile>
    <ClCompile Include="elipsoid_em_4.cpp">
      <Filter>ソース ファイル</Filter>
    </ClCompile>
    <ClCompile Include="elipsoid_em_5.cpp">
      <Filter>ソース ファイル</Filter>
    </ClCompile>
    <ClCompile Include="elipsoid_em_6.cpp">
      <Filter>ソース ファイル</Filter>
    </ClCompile>
    <ClCompile Include="elipsoid_em_7.cpp">
      <Filter>ソース ファイル</Filter>
    </ClCompile>
    <ClCompile Include="elipsoid_em_8.cpp">
      <Filter>ソース ファイル</Filter>
    </ClCompile>
    <ClCompile Include="elipsoid_em_9.cpp">
      <Filter>ソース ファイル</Filter>
    </ClCompile>
    <ClCompile Include="elipsoid_em_10.cpp">
      <Filter>ソース ファイル</Filter>
    </ClCompile>
    <ClCompile Include="elipsoid_em_11.cpp">
      <Filter>ソース ファイル</Filter>
    </ClCompile>
    <ClCompile Include="elipsoid_em_12.cpp">
      <Filter>ソース ファイル</Filter>
    </ClCompile>
    <ClCompile Include="elipsoid_em_13.cpp">
      <Filter>ソース ファイル</Filter>
    </ClCompile>
    <ClCompile Include="elipsoid_em_14.cpp">
      <Filter>ソース ファイル</Filter>
    </ClCompile>
    <ClCompile Include="elipsoid_em_15.cpp">
      <Filter>ソース ファイル</Filter>
    </ClCompile>
    <ClCompile Include="elipsoid_em_16.cpp">
      <Filter>ソース ファイル</Filter>
    </ClCompile>
    <ClCompile Include="elipsoid_em_17.cpp">
      <Filter>ソース ファイル</Filter>
    </ClCompile>
    <ClCompile Include="elipsoid_em_18.cpp">
      <Filter>ソース ファイル</Filter>
    </ClCompile>
    <ClCompile Include="elipsoid_em_19.cpp">
      <Filter>ソース ファイル</Filter>
    </ClCompile>
    <ClCompile Include="elipsoid_em_20.cpp">
      <Filter>ソース ファイル</Filter>
    </ClCompile>
    <ClCompile Include="elipsoid_em_21.cpp">
      <Filter>ソース ファイル</Filter>
    </ClCompile>
    <ClCompile Include="elipsoid_em_22.cpp">
      <Filter>ソース ファイル</Filter>
    </ClCompile>
  </ItemGroup>
</Project>